Microsoft Visual Studio Solution File, Format Version 12.00
# Visual Studio Version 17
VisualStudioVersion = 17.5.2.0
MinimumVisualStudioVersion = 10.0.40219.1
Project("{2150E333-8FDC-42A3-9474-1A3956D46DE8}") = "template_onion_with_mqtt", "template_onion_with_mqtt", "{AE41BC58-B032-9B4F-2D1B-89275A6BBD27}"
EndProject
Project("{2150E333-8FDC-42A3-9474-1A3956D46DE8}") = "server", "server", "{45D139CF-87BC-5D8C-8576-76A7BC7BA685}"
EndProject
Project("{FAE04EC0-301F-11D3-BF4B-00C04F79EFBC}") = "Api.Rest", "template_onion_with_mqtt\server\Api.Rest\Api.Rest.csproj", "{7060ED40-945A-138E-9621-354A80493F9D}"
EndProject
Project("{FAE04EC0-301F-11D3-BF4B-00C04F79EFBC}") = "Infrastructure.Postgres", "template_onion_with_mqtt\server\Infrastructure.Postgres\Infrastructure.Postgres.csproj", "{CA180AE4-8681-D151-495F-DEB23F3E4B00}"
EndProject
Project("{FAE04EC0-301F-11D3-BF4B-00C04F79EFBC}") = "Infrastructure.Postgres.Scaffolding", "template_onion_with_mqtt\server\Infrastructure.Postgres.Scaffolding\Infrastructure.Postgres.Scaffolding.csproj", "{C8FBDED1-D33F-EF5B-FBCF-84B53A6264C4}"
EndProject
Project("{FAE04EC0-301F-11D3-BF4B-00C04F79EFBC}") = "Infrastructure.Websocket", "template_onion_with_mqtt\server\Infrastructure.Websocket\Infrastructure.Websocket.csproj", "{0E129D43-5C65-3B5C-C192-CA5182E9A005}"
EndProject
Project("{FAE04EC0-301F-11D3-BF4B-00C04F79EFBC}") = "Api.Websocket", "template_onion_with_mqtt\server\Api.Websocket\Api.Websocket.csproj", "{1E030538-0038-393F-879A-C18A63382D42}"
EndProject
Project("{FAE04EC0-301F-11D3-BF4B-00C04F79EFBC}") = "Infrastructure.MQTT", "template_onion_with_mqtt\server\Infrastructure.MQTT\Infrastructure.MQTT.csproj", "{9B1F6514-E10F-26AD-1706-3E763247D101}"
EndProject
Project("{FAE04EC0-301F-11D3-BF4B-00C04F79EFBC}") = "Startup.Tests", "template_onion_with_mqtt\server\Startup.Tests\Startup.Tests.csproj", "{79E752D7-419C-46B9-1E9A-7834CD73E0A2}"
EndProject
Project("{FAE04EC0-301F-11D3-BF4B-00C04F79EFBC}") = "Startup", "template_onion_with_mqtt\server\Startup\Startup.csproj", "{60C7CA1F-2E2A-4B18-2C2F-B88686371700}"
EndProject
Project("{FAE04EC0-301F-11D3-BF4B-00C04F79EFBC}") = "Core.Domain", "template_onion_with_mqtt\server\Core.Domain\Core.Domain.csproj", "{4EEE63F1-1621-624F-F0A1-11AE64E0BF17}"
EndProject
Project("{FAE04EC0-301F-11D3-BF4B-00C04F79EFBC}") = "Application", "template_onion_with_mqtt\server\Application\Application.csproj", "{39E1F79A-5519-FD74-1543-04AFEDC9C7AA}"
EndProject
Global
	GlobalSection(SolutionConfigurationPlatforms) = preSolution
		Debug|Any CPU = Debug|Any CPU
		Release|Any CPU = Release|Any CPU
	EndGlobalSection
	GlobalSection(ProjectConfigurationPlatforms) = postSolution
		{7060ED40-945A-138E-9621-354A80493F9D}.Debug|Any CPU.ActiveCfg = Debug|Any CPU
		{7060ED40-945A-138E-9621-354A80493F9D}.Debug|Any CPU.Build.0 = Debug|Any CPU
		{7060ED40-945A-138E-9621-354A80493F9D}.Release|Any CPU.ActiveCfg = Release|Any CPU
		{7060ED40-945A-138E-9621-354A80493F9D}.Release|Any CPU.Build.0 = Release|Any CPU
		{CA180AE4-8681-D151-495F-DEB23F3E4B00}.Debug|Any CPU.ActiveCfg = Debug|Any CPU
		{CA180AE4-8681-D151-495F-DEB23F3E4B00}.Debug|Any CPU.Build.0 = Debug|Any CPU
		{CA180AE4-8681-D151-495F-DEB23F3E4B00}.Release|Any CPU.ActiveCfg = Release|Any CPU
		{CA180AE4-8681-D151-495F-DEB23F3E4B00}.Release|Any CPU.Build.0 = Release|Any CPU
		{C8FBDED1-D33F-EF5B-FBCF-84B53A6264C4}.Debug|Any CPU.ActiveCfg = Debug|Any CPU
		{C8FBDED1-D33F-EF5B-FBCF-84B53A6264C4}.Debug|Any CPU.Build.0 = Debug|Any CPU
		{C8FBDED1-D33F-EF5B-FBCF-84B53A6264C4}.Release|Any CPU.ActiveCfg = Release|Any CPU
		{C8FBDED1-D33F-EF5B-FBCF-84B53A6264C4}.Release|Any CPU.Build.0 = Release|Any CPU
		{0E129D43-5C65-3B5C-C192-CA5182E9A005}.Debug|Any CPU.ActiveCfg = Debug|Any CPU
		{0E129D43-5C65-3B5C-C192-CA5182E9A005}.Debug|Any CPU.Build.0 = Debug|Any CPU
		{0E129D43-5C65-3B5C-C192-CA5182E9A005}.Release|Any CPU.ActiveCfg = Release|Any CPU
		{0E129D43-5C65-3B5C-C192-CA5182E9A005}.Release|Any CPU.Build.0 = Release|Any CPU
		{1E030538-0038-393F-879A-C18A63382D42}.Debug|Any CPU.ActiveCfg = Debug|Any CPU
		{1E030538-0038-393F-879A-C18A63382D42}.Debug|Any CPU.Build.0 = Debug|Any CPU
		{1E030538-0038-393F-879A-C18A63382D42}.Release|Any CPU.ActiveCfg = Release|Any CPU
		{1E030538-0038-393F-879A-C18A63382D42}.Release|Any CPU.Build.0 = Release|Any CPU
		{9B1F6514-E10F-26AD-1706-3E763247D101}.Debug|Any CPU.ActiveCfg = Debug|Any CPU
		{9B1F6514-E10F-26AD-1706-3E763247D101}.Debug|Any CPU.Build.0 = Debug|Any CPU
		{9B1F6514-E10F-26AD-1706-3E763247D101}.Release|Any CPU.ActiveCfg = Release|Any CPU
		{9B1F6514-E10F-26AD-1706-3E763247D101}.Release|Any CPU.Build.0 = Release|Any CPU
		{79E752D7-419C-46B9-1E9A-7834CD73E0A2}.Debug|Any CPU.ActiveCfg = Debug|Any CPU
		{79E752D7-419C-46B9-1E9A-7834CD73E0A2}.Debug|Any CPU.Build.0 = Debug|Any CPU
		{79E752D7-419C-46B9-1E9A-7834CD73E0A2}.Release|Any CPU.ActiveCfg = Release|Any CPU
		{79E752D7-419C-46B9-1E9A-7834CD73E0A2}.Release|Any CPU.Build.0 = Release|Any CPU
		{60C7CA1F-2E2A-4B18-2C2F-B88686371700}.Debug|Any CPU.ActiveCfg = Debug|Any CPU
		{60C7CA1F-2E2A-4B18-2C2F-B88686371700}.Debug|Any CPU.Build.0 = Debug|Any CPU
		{60C7CA1F-2E2A-4B18-2C2F-B88686371700}.Release|Any CPU.ActiveCfg = Release|Any CPU
		{60C7CA1F-2E2A-4B18-2C2F-B88686371700}.Release|Any CPU.Build.0 = Release|Any CPU
		{4EEE63F1-1621-624F-F0A1-11AE64E0BF17}.Debug|Any CPU.ActiveCfg = Debug|Any CPU
		{4EEE63F1-1621-624F-F0A1-11AE64E0BF17}.Debug|Any CPU.Build.0 = Debug|Any CPU
		{4EEE63F1-1621-624F-F0A1-11AE64E0BF17}.Release|Any CPU.ActiveCfg = Release|Any CPU
		{4EEE63F1-1621-624F-F0A1-11AE64E0BF17}.Release|Any CPU.Build.0 = Release|Any CPU
		{39E1F79A-5519-FD74-1543-04AFEDC9C7AA}.Debug|Any CPU.ActiveCfg = Debug|Any CPU
		{39E1F79A-5519-FD74-1543-04AFEDC9C7AA}.Debug|Any CPU.Build.0 = Debug|Any CPU
		{39E1F79A-5519-FD74-1543-04AFEDC9C7AA}.Release|Any CPU.ActiveCfg = Release|Any CPU
		{39E1F79A-5519-FD74-1543-04AFEDC9C7AA}.Release|Any CPU.Build.0 = Release|Any CPU
	EndGlobalSection
	GlobalSection(SolutionProperties) = preSolution
		HideSolutionNode = FALSE
	EndGlobalSection
	GlobalSection(NestedProjects) = preSolution
		{45D139CF-87BC-5D8C-8576-76A7BC7BA685} = {AE41BC58-B032-9B4F-2D1B-89275A6BBD27}
		{7060ED40-945A-138E-9621-354A80493F9D} = {45D139CF-87BC-5D8C-8576-76A7BC7BA685}
		{CA180AE4-8681-D151-495F-DEB23F3E4B00} = {45D139CF-87BC-5D8C-8576-76A7BC7BA685}
		{C8FBDED1-D33F-EF5B-FBCF-84B53A6264C4} = {45D139CF-87BC-5D8C-8576-76A7BC7BA685}
		{0E129D43-5C65-3B5C-C192-CA5182E9A005} = {45D139CF-87BC-5D8C-8576-76A7BC7BA685}
		{1E030538-0038-393F-879A-C18A63382D42} = {45D139CF-87BC-5D8C-8576-76A7BC7BA685}
		{9B1F6514-E10F-26AD-1706-3E763247D101} = {45D139CF-87BC-5D8C-8576-76A7BC7BA685}
		{79E752D7-419C-46B9-1E9A-7834CD73E0A2} = {45D139CF-87BC-5D8C-8576-76A7BC7BA685}
		{60C7CA1F-2E2A-4B18-2C2F-B88686371700} = {45D139CF-87BC-5D8C-8576-76A7BC7BA685}
		{4EEE63F1-1621-624F-F0A1-11AE64E0BF17} = {45D139CF-87BC-5D8C-8576-76A7BC7BA685}
		{39E1F79A-5519-FD74-1543-04AFEDC9C7AA} = {45D139CF-87BC-5D8C-8576-76A7BC7BA685}
	EndGlobalSection
	GlobalSection(ExtensibilityGlobals) = postSolution
		SolutionGuid = {7827BDB5-E5D0-429C-A392-3301253098DB}
	EndGlobalSection
EndGlobal
